
Microsoft Visual Studio Solution File, Format Version 12.00
# Visual Studio Version 17
VisualStudioVersion = 17.13.35919.96
MinimumVisualStudioVersion = 10.0.40219.1
Project("{FAE04EC0-301F-11D3-BF4B-00C04F79EFBC}") = "Web API EXAMPLE", "Web API EXAMPLE\Web API EXAMPLE.csproj", "{7A218DCA-ADEF-4B49-9C25-DA4A5753DC39}"
EndProject
Project("{FAE04EC0-301F-11D3-BF4B-00C04F79EFBC}") = "CRUDAPP", "CRUDAPP\CRUDAPP.csproj", "{F1D363FB-EE48-439A-9D43-9661E448D110}"
EndProject
Global
	GlobalSection(SolutionConfigurationPlatforms) = preSolution
		Debug|Any CPU = Debug|Any CPU
		Release|Any CPU = Release|Any CPU
	EndGlobalSection
	GlobalSection(ProjectConfigurationPlatforms) = postSolution
		{7A218DCA-ADEF-4B49-9C25-DA4A5753DC39}.Debug|Any CPU.ActiveCfg = Debug|Any CPU
		{7A218DCA-ADEF-4B49-9C25-DA4A5753DC39}.Debug|Any CPU.Build.0 = Debug|Any CPU
		{7A218DCA-ADEF-4B49-9C25-DA4A5753DC39}.Release|Any CPU.ActiveCfg = Release|Any CPU
		{7A218DCA-ADEF-4B49-9C25-DA4A5753DC39}.Release|Any CPU.Build.0 = Release|Any CPU
		{F1D363FB-EE48-439A-9D43-9661E448D110}.Debug|Any CPU.ActiveCfg = Debug|Any CPU
		{F1D363FB-EE48-439A-9D43-9661E448D110}.Debug|Any CPU.Build.0 = Debug|Any CPU
		{F1D363FB-EE48-439A-9D43-9661E448D110}.Release|Any CPU.ActiveCfg = Release|Any CPU
		{F1D363FB-EE48-439A-9D43-9661E448D110}.Release|Any CPU.Build.0 = Release|Any CPU
	EndGlobalSection
	GlobalSection(SolutionProperties) = preSolution
		HideSolutionNode = FALSE
	EndGlobalSection
	GlobalSection(ExtensibilityGlobals) = postSolution
		SolutionGuid = {B9FA73A5-6B64-4BF1-9707-FD076797A90D}
	EndGlobalSection
EndGlobal
